PODS:
  - Alamofire (4.5.1)
  - EBIiOSDeviceWatcher (0.1.0)
  - EBIMobileDeviceWatcher (0.1.0)
  - Swinject (2.1.1)
  - SwinjectStoryboard (1.1.2):
    - Swinject (~> 2.1)

DEPENDENCIES:
  - Alamofire (~> 4.5)
  - EBIiOSDeviceWatcher (from `https://github.com/iseebi/EBIiOSDeviceWatcher.git`)
  - EBIMobileDeviceWatcher (from `https://github.com/iseebi/EBIMobileDeviceWatcher.git`)
  - Swinject
  - SwinjectStoryboard

EXTERNAL SOURCES:
  EBIiOSDeviceWatcher:
    :git: https://github.com/iseebi/EBIiOSDeviceWatcher.git
  EBIMobileDeviceWatcher:
    :git: https://github.com/iseebi/EBIMobileDeviceWatcher.git

CHECKOUT OPTIONS:
  EBIiOSDeviceWatcher:
    :commit: 867da72365f01e811bbb47e6d4d5d62888440932
    :git: https://github.com/iseebi/EBIiOSDeviceWatcher.git
  EBIMobileDeviceWatcher:
    :commit: 1a23aeb192d07ddbce86fdb2ab2db12016e020bf
    :git: https://github.com/iseebi/EBIMobileDeviceWatcher.git

SPEC CHECKSUMS:
  Alamofire: 2d95912bf4c34f164fdfc335872e8c312acaea4a
  EBIiOSDeviceWatcher: ed1c21403ac6f208c4951be6e3e84529ce8f4153
  EBIMobileDeviceWatcher: d98e9626a6c4ef8fc3e1ec909470da1158726fbe
  Swinject: afea49fd95f392b41171669f165842879c48fad6
  SwinjectStoryboard: 92e75763c3299cdf627bef98a5180dc894864336

PODFILE CHECKSUM: 246225e5c6050248c7007c9b9bdcca98c3451232

COCOAPODS: 1.3.1
