PODS:
  - Alamofire (4.2.0)
  - EBIMobileDeviceWatcher (0.1.0)

DEPENDENCIES:
  - Alamofire (~> 4.1)
  - EBIMobileDeviceWatcher (from `https://github.com/iseebi/EBIMobileDeviceWatcher.git`)

EXTERNAL SOURCES:
  EBIMobileDeviceWatcher:
    :git: https://github.com/iseebi/EBIMobileDeviceWatcher.git

CHECKOUT OPTIONS:
  EBIMobileDeviceWatcher:
    :commit: 1a23aeb192d07ddbce86fdb2ab2db12016e020bf
    :git: https://github.com/iseebi/EBIMobileDeviceWatcher.git

SPEC CHECKSUMS:
  Alamofire: aa2e09d871c9160ac53c90e83c68064a94e3dfbe
  EBIMobileDeviceWatcher: d98e9626a6c4ef8fc3e1ec909470da1158726fbe

PODFILE CHECKSUM: febb75b2fab658f4e68ebd40aca0c410ad868875

COCOAPODS: 1.1.1
