PODS:
  - Alamofire (4.8.0)
  - EBIAXMLDecompressor (0.1.0)
  - EBIiOSDeviceWatcher (0.1.1)
  - EBIMobileDeviceWatcher (0.1.1)
  - Swinject (2.5.0)
  - SwinjectStoryboard (2.1.0):
    - Swinject (~> 2.5)

DEPENDENCIES:
  - Alamofire (~> 4.8)
  - EBIAXMLDecompressor (from `https://github.com/iseebi/EBIAXMLDecompressor.git`)
  - EBIiOSDeviceWatcher (from `https://github.com/iseebi/EBIiOSDeviceWatcher.git`)
  - EBIMobileDeviceWatcher (from `https://github.com/iseebi/EBIMobileDeviceWatcher.git`)
  - Swinject (~> 2.5)
  - SwinjectStoryboard (~> 2.1)

SPEC REPOS:
  https://github.com/cocoapods/specs.git:
    - Alamofire
    - Swinject
    - SwinjectStoryboard

EXTERNAL SOURCES:
  EBIAXMLDecompressor:
    :git: https://github.com/iseebi/EBIAXMLDecompressor.git
  EBIiOSDeviceWatcher:
    :git: https://github.com/iseebi/EBIiOSDeviceWatcher.git
  EBIMobileDeviceWatcher:
    :git: https://github.com/iseebi/EBIMobileDeviceWatcher.git

CHECKOUT OPTIONS:
  EBIAXMLDecompressor:
    :commit: 66a7ff328a86bad2c00c1b7d7630dee39b0b6f47
    :git: https://github.com/iseebi/EBIAXMLDecompressor.git
  EBIiOSDeviceWatcher:
    :commit: 127b9773b87dd1827b4b1ceb6e85731ef8924d08
    :git: https://github.com/iseebi/EBIiOSDeviceWatcher.git
  EBIMobileDeviceWatcher:
    :commit: 14811c1b1417097c0ad7d2c1d2c565f099a0491c
    :git: https://github.com/iseebi/EBIMobileDeviceWatcher.git

SPEC CHECKSUMS:
  Alamofire: 3ec537f71edc9804815215393ae2b1a8ea33a844
  EBIAXMLDecompressor: 88c66a50cd17a17cdda348177fa4269ab96a6dcc
  EBIiOSDeviceWatcher: b61138bed4d84c7c11c29f8611a3f5bc9fd7f81d
  EBIMobileDeviceWatcher: dec5857f476c369e6b35f92eac538271432ae828
  Swinject: 82cdb851f63f91bba974e3eca1d69780f2f7677e
  SwinjectStoryboard: 688f096033103e66ffcf6ca678211acd7d7be505

PODFILE CHECKSUM: 0b904f4c61f184072cfcfe232779faa55696243c

COCOAPODS: 1.5.3
