// !$*UTF8*$!
{
	archiveVersion = 1;
	classes = {
	};
	objectVersion = 46;
	objects = {

/* Begin PBXBuildFile section */
		5BD6AC09C7093AAAD432E257 /* DeviceStatus.swift in Sources */ = {isa = PBXBuildFile; fileRef = 5BD6A64308219981D2889096 /* DeviceStatus.swift */; };
		5BD6AE452575DAD458C4CD66 /* Platform.swift in Sources */ = {isa = PBXBuildFile; fileRef = 5BD6A2646EEBD925176B4C5E /* Platform.swift */; };
		822300C21F6BDFBB00D7E363 /* Environment.swift in Sources */ = {isa = PBXBuildFile; fileRef = 822300C11F6BDFBB00D7E363 /* Environment.swift */; };
		822300C41F6BE00500D7E363 /* UserSettings.swift in Sources */ = {isa = PBXBuildFile; fileRef = 822300C31F6BE00500D7E363 /* UserSettings.swift */; };
		822300C71F6BE79600D7E363 /* SwinjectStoryboard.swift in Sources */ = {isa = PBXBuildFile; fileRef = 822300C61F6BE79600D7E363 /* SwinjectStoryboard.swift */; };
		824430211F70F3CE000FE71C /* PlatformImageValueTransformer.swift in Sources */ = {isa = PBXBuildFile; fileRef = 824430201F70F3CE000FE71C /* PlatformImageValueTransformer.swift */; };
		8271BAE51E23A76700C2EFC1 /* AppDelegate.swift in Sources */ = {isa = PBXBuildFile; fileRef = 8271BAE41E23A76700C2EFC1 /* AppDelegate.swift */; };
		8271BAE71E23A76700C2EFC1 /* MainViewController.swift in Sources */ = {isa = PBXBuildFile; fileRef = 8271BAE61E23A76700C2EFC1 /* MainViewController.swift */; };
		8271BAE91E23A76700C2EFC1 /* Assets.xcassets in Resources */ = {isa = PBXBuildFile; fileRef = 8271BAE81E23A76700C2EFC1 /* Assets.xcassets */; };
		8271BAEC1E23A76700C2EFC1 /* Main.storyboard in Resources */ = {isa = PBXBuildFile; fileRef = 8271BAEA1E23A76700C2EFC1 /* Main.storyboard */; };
		8271BAF41E23AFD900C2EFC1 /* DragTargetView.swift in Sources */ = {isa = PBXBuildFile; fileRef = 8271BAF31E23AFD900C2EFC1 /* DragTargetView.swift */; };
		8273D1061F6F8B88005D50B5 /* Device.swift in Sources */ = {isa = PBXBuildFile; fileRef = 8273D1051F6F8B88005D50B5 /* Device.swift */; };
		8273D1081F6F8BB7005D50B5 /* AppPackage.swift in Sources */ = {isa = PBXBuildFile; fileRef = 8273D1071F6F8BB7005D50B5 /* AppPackage.swift */; };
		82AC88FE1F70A54100197ADF /* MainViewModel.swift in Sources */ = {isa = PBXBuildFile; fileRef = 82AC88FD1F70A54100197ADF /* MainViewModel.swift */; };
		82AC89021F70B22C00197ADF /* DeviceCollectionViewItem.swift in Sources */ = {isa = PBXBuildFile; fileRef = 82AC89001F70B22C00197ADF /* DeviceCollectionViewItem.swift */; };
		82AC89031F70B22C00197ADF /* DeviceCollectionViewItem.xib in Resources */ = {isa = PBXBuildFile; fileRef = 82AC89011F70B22C00197ADF /* DeviceCollectionViewItem.xib */; };
		82AC89051F70D77D00197ADF /* DeviceCollectionView.swift in Sources */ = {isa = PBXBuildFile; fileRef = 82AC89041F70D77D00197ADF /* DeviceCollectionView.swift */; };
		82E30FAA1E258CE700A5AD50 /* StringExtensions.swift in Sources */ = {isa = PBXBuildFile; fileRef = 82E30FA91E258CE700A5AD50 /* StringExtensions.swift */; };
		82E310411E265A2200A5AD50 /* PlatformCommandManager.swift in Sources */ = {isa = PBXBuildFile; fileRef = 82E310401E265A2200A5AD50 /* PlatformCommandManager.swift */; };
		82E310471E267F9F00A5AD50 /* libz.tbd in Frameworks */ = {isa = PBXBuildFile; fileRef = 82E310461E267F9F00A5AD50 /* libz.tbd */; };
		82E310661E26820300A5AD50 /* SimpleUnzipper.framework in Frameworks */ = {isa = PBXBuildFile; fileRef = 82E310651E26820300A5AD50 /* SimpleUnzipper.framework */; };
		EAFEC465B20F902792363CF5 /* Pods_TransporterPad.framework in Frameworks */ = {isa = PBXBuildFile; fileRef = FA8C7657480B416EC8EC1324 /* Pods_TransporterPad.framework */; };
/* End PBXBuildFile section */

/* Begin PBXFileReference section */
		07D2E46E78FA1208A11CB593 /* Pods-TransporterPad.release.xcconfig */ = {isa = PBXFileReference; includeInIndex = 1; lastKnownFileType = text.xcconfig; name = "Pods-TransporterPad.release.xcconfig"; path = "Pods/Target Support Files/Pods-TransporterPad/Pods-TransporterPad.release.xcconfig"; sourceTree = "<group>"; };
		3774B15FD04409214392F658 /* Pods-TransporterPad.debug.xcconfig */ = {isa = PBXFileReference; includeInIndex = 1; lastKnownFileType = text.xcconfig; name = "Pods-TransporterPad.debug.xcconfig"; path = "Pods/Target Support Files/Pods-TransporterPad/Pods-TransporterPad.debug.xcconfig"; sourceTree = "<group>"; };
		5BD6A2646EEBD925176B4C5E /* Platform.swift */ = {isa = PBXFileReference; fileEncoding = 4; lastKnownFileType = sourcecode.swift; path = Platform.swift; sourceTree = "<group>"; };
		5BD6A64308219981D2889096 /* DeviceStatus.swift */ = {isa = PBXFileReference; fileEncoding = 4; lastKnownFileType = sourcecode.swift; path = DeviceStatus.swift; sourceTree = "<group>"; };
		822300C11F6BDFBB00D7E363 /* Environment.swift */ = {isa = PBXFileReference; lastKnownFileType = sourcecode.swift; path = Environment.swift; sourceTree = "<group>"; };
		822300C31F6BE00500D7E363 /* UserSettings.swift */ = {isa = PBXFileReference; lastKnownFileType = sourcecode.swift; path = UserSettings.swift; sourceTree = "<group>"; };
		822300C61F6BE79600D7E363 /* SwinjectStoryboard.swift */ = {isa = PBXFileReference; lastKnownFileType = sourcecode.swift; path = SwinjectStoryboard.swift; sourceTree = "<group>"; };
		824430201F70F3CE000FE71C /* PlatformImageValueTransformer.swift */ = {isa = PBXFileReference; lastKnownFileType = sourcecode.swift; path = PlatformImageValueTransformer.swift; sourceTree = "<group>"; };
		8271BAE11E23A76700C2EFC1 /* TransporterPad.app */ = {isa = PBXFileReference; explicitFileType = wrapper.application; includeInIndex = 0; path = TransporterPad.app; sourceTree = BUILT_PRODUCTS_DIR; };
		8271BAE41E23A76700C2EFC1 /* AppDelegate.swift */ = {isa = PBXFileReference; lastKnownFileType = sourcecode.swift; path = AppDelegate.swift; sourceTree = "<group>"; };
		8271BAE61E23A76700C2EFC1 /* MainViewController.swift */ = {isa = PBXFileReference; lastKnownFileType = sourcecode.swift; path = MainViewController.swift; sourceTree = "<group>"; };
		8271BAE81E23A76700C2EFC1 /* Assets.xcassets */ = {isa = PBXFileReference; lastKnownFileType = folder.assetcatalog; path = Assets.xcassets; sourceTree = "<group>"; };
		8271BAEB1E23A76700C2EFC1 /* Base */ = {isa = PBXFileReference; lastKnownFileType = file.storyboard; name = Base; path = Base.lproj/Main.storyboard; sourceTree = "<group>"; };
		8271BAED1E23A76700C2EFC1 /* Info.plist */ = {isa = PBXFileReference; lastKnownFileType = text.plist.xml; path = Info.plist; sourceTree = "<group>"; };
		8271BAF31E23AFD900C2EFC1 /* DragTargetView.swift */ = {isa = PBXFileReference; fileEncoding = 4; lastKnownFileType = sourcecode.swift; path = DragTargetView.swift; sourceTree = "<group>"; };
		8273D1051F6F8B88005D50B5 /* Device.swift */ = {isa = PBXFileReference; lastKnownFileType = sourcecode.swift; path = Device.swift; sourceTree = "<group>"; };
		8273D1071F6F8BB7005D50B5 /* AppPackage.swift */ = {isa = PBXFileReference; lastKnownFileType = sourcecode.swift; path = AppPackage.swift; sourceTree = "<group>"; };
		82AC88FD1F70A54100197ADF /* MainViewModel.swift */ = {isa = PBXFileReference; lastKnownFileType = sourcecode.swift; path = MainViewModel.swift; sourceTree = "<group>"; };
		82AC89001F70B22C00197ADF /* DeviceCollectionViewItem.swift */ = {isa = PBXFileReference; lastKnownFileType = sourcecode.swift; path = DeviceCollectionViewItem.swift; sourceTree = "<group>"; };
		82AC89011F70B22C00197ADF /* DeviceCollectionViewItem.xib */ = {isa = PBXFileReference; lastKnownFileType = file.xib; path = DeviceCollectionViewItem.xib; sourceTree = "<group>"; };
		82AC89041F70D77D00197ADF /* DeviceCollectionView.swift */ = {isa = PBXFileReference; lastKnownFileType = sourcecode.swift; path = DeviceCollectionView.swift; sourceTree = "<group>"; };
		82E30FA91E258CE700A5AD50 /* StringExtensions.swift */ = {isa = PBXFileReference; fileEncoding = 4; lastKnownFileType = sourcecode.swift; path = StringExtensions.swift; sourceTree = "<group>"; };
		82E310401E265A2200A5AD50 /* PlatformCommandManager.swift */ = {isa = PBXFileReference; fileEncoding = 4; lastKnownFileType = sourcecode.swift; path = PlatformCommandManager.swift; sourceTree = "<group>"; };
		82E310461E267F9F00A5AD50 /* libz.tbd */ = {isa = PBXFileReference; lastKnownFileType = "sourcecode.text-based-dylib-definition"; name = libz.tbd; path = usr/lib/libz.tbd; sourceTree = SDKROOT; };
		82E310651E26820300A5AD50 /* SimpleUnzipper.framework */ = {isa = PBXFileReference; lastKnownFileType = wrapper.framework; path = SimpleUnzipper.framework; sourceTree = BUILT_PRODUCTS_DIR; };
		FA8C7657480B416EC8EC1324 /* Pods_TransporterPad.framework */ = {isa = PBXFileReference; explicitFileType = wrapper.framework; includeInIndex = 0; path = Pods_TransporterPad.framework; sourceTree = BUILT_PRODUCTS_DIR; };
/* End PBXFileReference section */

/* Begin PBXFrameworksBuildPhase section */
		8271BADE1E23A76700C2EFC1 /* Frameworks */ = {
			isa = PBXFrameworksBuildPhase;
			buildActionMask = 2147483647;
			files = (
				EAFEC465B20F902792363CF5 /* Pods_TransporterPad.framework in Frameworks */,
				82E310471E267F9F00A5AD50 /* libz.tbd in Frameworks */,
				82E310661E26820300A5AD50 /* SimpleUnzipper.framework in Frameworks */,
			);
			runOnlyForDeploymentPostprocessing = 0;
		};
/* End PBXFrameworksBuildPhase section */

/* Begin PBXGroup section */
		0065BCE3E8EC4AE8C664B1E3 /* Pods */ = {
			isa = PBXGroup;
			children = (
				3774B15FD04409214392F658 /* Pods-TransporterPad.debug.xcconfig */,
				07D2E46E78FA1208A11CB593 /* Pods-TransporterPad.release.xcconfig */,
			);
			name = Pods;
			sourceTree = "<group>";
		};
		8223009D1F6BA2BD00D7E363 /* Screens */ = {
			isa = PBXGroup;
			children = (
				8223009F1F6BA2D400D7E363 /* ViewParts */,
				82AC88FF1F70B1F700197ADF /* MainViewController */,
				8271BAEA1E23A76700C2EFC1 /* Main.storyboard */,
			);
			path = Screens;
			sourceTree = "<group>";
		};
		8223009F1F6BA2D400D7E363 /* ViewParts */ = {
			isa = PBXGroup;
			children = (
				8271BAF31E23AFD900C2EFC1 /* DragTargetView.swift */,
				824430201F70F3CE000FE71C /* PlatformImageValueTransformer.swift */,
			);
			path = ViewParts;
			sourceTree = "<group>";
		};
		822300A11F6BA30400D7E363 /* Extensions */ = {
			isa = PBXGroup;
			children = (
				82E30FA91E258CE700A5AD50 /* StringExtensions.swift */,
			);
			path = Extensions;
			sourceTree = "<group>";
		};
		822300A21F6BA31D00D7E363 /* Services */ = {
			isa = PBXGroup;
			children = (
				822300C51F6BE00C00D7E363 /* Environment */,
				82E310401E265A2200A5AD50 /* PlatformCommandManager.swift */,
			);
			path = Services;
			sourceTree = "<group>";
		};
		822300C51F6BE00C00D7E363 /* Environment */ = {
			isa = PBXGroup;
			children = (
				822300C11F6BDFBB00D7E363 /* Environment.swift */,
				822300C31F6BE00500D7E363 /* UserSettings.swift */,
			);
			path = Environment;
			sourceTree = "<group>";
		};
		8271BAD81E23A76700C2EFC1 = {
			isa = PBXGroup;
			children = (
				8271BAE31E23A76700C2EFC1 /* TransporterPad */,
				8271BAE21E23A76700C2EFC1 /* Products */,
				0065BCE3E8EC4AE8C664B1E3 /* Pods */,
				9C53806115037C0949CDA714 /* Frameworks */,
			);
			sourceTree = "<group>";
		};
		8271BAE21E23A76700C2EFC1 /* Products */ = {
			isa = PBXGroup;
			children = (
				8271BAE11E23A76700C2EFC1 /* TransporterPad.app */,
			);
			name = Products;
			sourceTree = "<group>";
		};
		8271BAE31E23A76700C2EFC1 /* TransporterPad */ = {
			isa = PBXGroup;
			children = (
				8223009D1F6BA2BD00D7E363 /* Screens */,
				82AC88FC1F70A52900197ADF /* ViewModels */,
				8273D1041F6F8B69005D50B5 /* Models */,
				822300A21F6BA31D00D7E363 /* Services */,
				822300A11F6BA30400D7E363 /* Extensions */,
				8271BAE41E23A76700C2EFC1 /* AppDelegate.swift */,
				822300C61F6BE79600D7E363 /* SwinjectStoryboard.swift */,
				8271BAE81E23A76700C2EFC1 /* Assets.xcassets */,
				8271BAED1E23A76700C2EFC1 /* Info.plist */,
			);
			path = TransporterPad;
			sourceTree = "<group>";
		};
		8273D1041F6F8B69005D50B5 /* Models */ = {
			isa = PBXGroup;
			children = (
				8273D1051F6F8B88005D50B5 /* Device.swift */,
				8273D1071F6F8BB7005D50B5 /* AppPackage.swift */,
				5BD6A2646EEBD925176B4C5E /* Platform.swift */,
				5BD6A64308219981D2889096 /* DeviceStatus.swift */,
			);
			path = Models;
			sourceTree = "<group>";
		};
		82AC88FC1F70A52900197ADF /* ViewModels */ = {
			isa = PBXGroup;
			children = (
				82AC88FD1F70A54100197ADF /* MainViewModel.swift */,
			);
			path = ViewModels;
			sourceTree = "<group>";
		};
		82AC88FF1F70B1F700197ADF /* MainViewController */ = {
			isa = PBXGroup;
			children = (
				8271BAE61E23A76700C2EFC1 /* MainViewController.swift */,
				82AC89001F70B22C00197ADF /* DeviceCollectionViewItem.swift */,
				82AC89041F70D77D00197ADF /* DeviceCollectionView.swift */,
				82AC89011F70B22C00197ADF /* DeviceCollectionViewItem.xib */,
			);
			path = MainViewController;
			sourceTree = "<group>";
		};
		9C53806115037C0949CDA714 /* Frameworks */ = {
			isa = PBXGroup;
			children = (
				FA8C7657480B416EC8EC1324 /* Pods_TransporterPad.framework */,
				82E310651E26820300A5AD50 /* SimpleUnzipper.framework */,
				82E310461E267F9F00A5AD50 /* libz.tbd */,
			);
			name = Frameworks;
			sourceTree = "<group>";
		};
/* End PBXGroup section */

/* Begin PBXNativeTarget section */
		8271BAE01E23A76700C2EFC1 /* TransporterPad */ = {
			isa = PBXNativeTarget;
			buildConfigurationList = 8271BAF01E23A76700C2EFC1 /* Build configuration list for PBXNativeTarget "TransporterPad" */;
			buildPhases = (
				DC0723FA4D6947009988A39B /* [CP] Check Pods Manifest.lock */,
				822300BF1F6BDBA700D7E363 /* Prepare Deployment Dependency */,
				8271BADD1E23A76700C2EFC1 /* Sources */,
				8271BADE1E23A76700C2EFC1 /* Frameworks */,
				8271BADF1E23A76700C2EFC1 /* Resources */,
				82E310671E2686F500A5AD50 /* Embed SimpleUnzipper */,
				822300C01F6BDD4E00D7E363 /* Copy Deployment Dependency */,
				54F16668E73F2BC4522906F4 /* [CP] Embed Pods Frameworks */,
				1A0FBBD766E0927DF9EC21C8 /* [CP] Copy Pods Resources */,
			);
			buildRules = (
			);
			dependencies = (
			);
			name = TransporterPad;
			productName = TransporterPad;
			productReference = 8271BAE11E23A76700C2EFC1 /* TransporterPad.app */;
			productType = "com.apple.product-type.application";
		};
/* End PBXNativeTarget section */

/* Begin PBXProject section */
		8271BAD91E23A76700C2EFC1 /* Project object */ = {
			isa = PBXProject;
			attributes = {
				LastSwiftUpdateCheck = 0820;
				LastUpgradeCheck = 0900;
				ORGANIZATIONNAME = "Nobuhiro Ito";
				TargetAttributes = {
					8271BAE01E23A76700C2EFC1 = {
						CreatedOnToolsVersion = 8.2.1;
						DevelopmentTeam = NARTSSS6TY;
						LastSwiftMigration = 0900;
						ProvisioningStyle = Automatic;
					};
				};
			};
			buildConfigurationList = 8271BADC1E23A76700C2EFC1 /* Build configuration list for PBXProject "TransporterPad" */;
			compatibilityVersion = "Xcode 3.2";
			developmentRegion = English;
			hasScannedForEncodings = 0;
			knownRegions = (
				en,
				Base,
			);
			mainGroup = 8271BAD81E23A76700C2EFC1;
			productRefGroup = 8271BAE21E23A76700C2EFC1 /* Products */;
			projectDirPath = "";
			projectRoot = "";
			targets = (
				8271BAE01E23A76700C2EFC1 /* TransporterPad */,
			);
		};
/* End PBXProject section */

/* Begin PBXResourcesBuildPhase section */
		8271BADF1E23A76700C2EFC1 /* Resources */ = {
			isa = PBXResourcesBuildPhase;
			buildActionMask = 2147483647;
			files = (
				8271BAE91E23A76700C2EFC1 /* Assets.xcassets in Resources */,
				82AC89031F70B22C00197ADF /* DeviceCollectionViewItem.xib in Resources */,
				8271BAEC1E23A76700C2EFC1 /* Main.storyboard in Resources */,
			);
			runOnlyForDeploymentPostprocessing = 0;
		};
/* End PBXResourcesBuildPhase section */

/* Begin PBXShellScriptBuildPhase section */
		1A0FBBD766E0927DF9EC21C8 /* [CP] Copy Pods Resources */ = {
			isa = PBXShellScriptBuildPhase;
			buildActionMask = 2147483647;
			files = (
			);
			inputPaths = (
			);
			name = "[CP] Copy Pods Resources";
			outputPaths = (
			);
			runOnlyForDeploymentPostprocessing = 0;
			shellPath = /bin/sh;
			shellScript = "\"${SRCROOT}/Pods/Target Support Files/Pods-TransporterPad/Pods-TransporterPad-resources.sh\"\n";
			showEnvVarsInLog = 0;
		};
		54F16668E73F2BC4522906F4 /* [CP] Embed Pods Frameworks */ = {
			isa = PBXShellScriptBuildPhase;
			buildActionMask = 2147483647;
			files = (
			);
			inputPaths = (
				"${SRCROOT}/Pods/Target Support Files/Pods-TransporterPad/Pods-TransporterPad-frameworks.sh",
				"${BUILT_PRODUCTS_DIR}/Alamofire/Alamofire.framework",
				"${BUILT_PRODUCTS_DIR}/EBIMobileDeviceWatcher/EBIMobileDeviceWatcher.framework",
				"${BUILT_PRODUCTS_DIR}/Swinject/Swinject.framework",
				"${BUILT_PRODUCTS_DIR}/SwinjectStoryboard/SwinjectStoryboard.framework",
			);
			name = "[CP] Embed Pods Frameworks";
			outputPaths = (
				"${TARGET_BUILD_DIR}/${FRAMEWORKS_FOLDER_PATH}/Alamofire.framework",
				"${TARGET_BUILD_DIR}/${FRAMEWORKS_FOLDER_PATH}/EBIMobileDeviceWatcher.framework",
				"${TARGET_BUILD_DIR}/${FRAMEWORKS_FOLDER_PATH}/Swinject.framework",
				"${TARGET_BUILD_DIR}/${FRAMEWORKS_FOLDER_PATH}/SwinjectStoryboard.framework",
			);
			runOnlyForDeploymentPostprocessing = 0;
			shellPath = /bin/sh;
			shellScript = "\"${SRCROOT}/Pods/Target Support Files/Pods-TransporterPad/Pods-TransporterPad-frameworks.sh\"\n";
			showEnvVarsInLog = 0;
		};
		822300BF1F6BDBA700D7E363 /* Prepare Deployment Dependency */ = {
			isa = PBXShellScriptBuildPhase;
			buildActionMask = 2147483647;
			files = (
			);
			inputPaths = (
			);
			name = "Prepare Deployment Dependency";
			outputPaths = (
			);
			runOnlyForDeploymentPostprocessing = 0;
			shellPath = /bin/sh;
			shellScript = "if [ -f $SRCROOT/DeployTools/tools/ios-deploy/ios-deploy -a -f $SRCROOT/DeployTools/tools/android-platform-tools/adb ]; then\n  echo \"Dependency already prepared\"\nelse\n  $SRCROOT/DeployTools/build.sh\nfi";
		};
		822300C01F6BDD4E00D7E363 /* Copy Deployment Dependency */ = {
			isa = PBXShellScriptBuildPhase;
			buildActionMask = 2147483647;
			files = (
			);
			inputPaths = (
			);
			name = "Copy Deployment Dependency";
			outputPaths = (
			);
			runOnlyForDeploymentPostprocessing = 0;
			shellPath = /bin/sh;
			shellScript = "TOOLS_SRC_DIR=\"${SRCROOT}/DeployTools/tools/\"\nRES_TARGET_DIR=\"${TARGET_BUILD_DIR}/${UNLOCALIZED_RESOURCES_FOLDER_PATH}\"\nCMD_RSYNC=\"rsync -a\"\n\n$CMD_RSYNC $TOOLS_SRC_DIR/ios-deploy $RES_TARGET_DIR/\n$CMD_RSYNC $TOOLS_SRC_DIR/android-platform-tools $RES_TARGET_DIR/";
		};
		82E310671E2686F500A5AD50 /* Embed SimpleUnzipper */ = {
			isa = PBXShellScriptBuildPhase;
			buildActionMask = 2147483647;
			files = (
			);
			inputPaths = (
			);
			name = "Embed SimpleUnzipper";
			outputPaths = (
			);
			runOnlyForDeploymentPostprocessing = 0;
			shellPath = /bin/sh;
			shellScript = "rsync -av $BUILT_PRODUCTS_DIR/SimpleUnzipper.framework $BUILT_PRODUCTS_DIR/$FULL_PRODUCT_NAME/Contents/Frameworks\n";
		};
		DC0723FA4D6947009988A39B /* [CP] Check Pods Manifest.lock */ = {
			isa = PBXShellScriptBuildPhase;
			buildActionMask = 2147483647;
			files = (
			);
			inputPaths = (
				"${PODS_PODFILE_DIR_PATH}/Podfile.lock",
				"${PODS_ROOT}/Manifest.lock",
			);
			name = "[CP] Check Pods Manifest.lock";
			outputPaths = (
				"$(DERIVED_FILE_DIR)/Pods-TransporterPad-checkManifestLockResult.txt",
			);
			runOnlyForDeploymentPostprocessing = 0;
			shellPath = /bin/sh;
			shellScript = "diff \"${PODS_PODFILE_DIR_PATH}/Podfile.lock\" \"${PODS_ROOT}/Manifest.lock\" > /dev/null\nif [ $? != 0 ] ; then\n    # print error to STDERR\n    echo \"error: The sandbox is not in sync with the Podfile.lock. Run 'pod install' or update your CocoaPods installation.\" >&2\n    exit 1\nfi\n# This output is used by Xcode 'outputs' to avoid re-running this script phase.\necho \"SUCCESS\" > \"${SCRIPT_OUTPUT_FILE_0}\"\n";
			showEnvVarsInLog = 0;
		};
/* End PBXShellScriptBuildPhase section */

/* Begin PBXSourcesBuildPhase section */
		8271BADD1E23A76700C2EFC1 /* Sources */ = {
			isa = PBXSourcesBuildPhase;
			buildActionMask = 2147483647;
			files = (
				82E30FAA1E258CE700A5AD50 /* StringExtensions.swift in Sources */,
				822300C21F6BDFBB00D7E363 /* Environment.swift in Sources */,
				82E310411E265A2200A5AD50 /* PlatformCommandManager.swift in Sources */,
				8273D1061F6F8B88005D50B5 /* Device.swift in Sources */,
				822300C71F6BE79600D7E363 /* SwinjectStoryboard.swift in Sources */,
				82AC89051F70D77D00197ADF /* DeviceCollectionView.swift in Sources */,
				824430211F70F3CE000FE71C /* PlatformImageValueTransformer.swift in Sources */,
				82AC88FE1F70A54100197ADF /* MainViewModel.swift in Sources */,
				8271BAF41E23AFD900C2EFC1 /* DragTargetView.swift in Sources */,
				8273D1081F6F8BB7005D50B5 /* AppPackage.swift in Sources */,
				822300C41F6BE00500D7E363 /* UserSettings.swift in Sources */,
				8271BAE71E23A76700C2EFC1 /* MainViewController.swift in Sources */,
				8271BAE51E23A76700C2EFC1 /* AppDelegate.swift in Sources */,
				82AC89021F70B22C00197ADF /* DeviceCollectionViewItem.swift in Sources */,
				5BD6AE452575DAD458C4CD66 /* Platform.swift in Sources */,
				5BD6AC09C7093AAAD432E257 /* DeviceStatus.swift in Sources */,
			);
			runOnlyForDeploymentPostprocessing = 0;
		};
/* End PBXSourcesBuildPhase section */

/* Begin PBXVariantGroup section */
		8271BAEA1E23A76700C2EFC1 /* Main.storyboard */ = {
			isa = PBXVariantGroup;
			children = (
				8271BAEB1E23A76700C2EFC1 /* Base */,
			);
			name = Main.storyboard;
			sourceTree = "<group>";
		};
/* End PBXVariantGroup section */

/* Begin XCBuildConfiguration section */
		8271BAEE1E23A76700C2EFC1 /* Debug */ = {
			isa = XCBuildConfiguration;
			buildSettings = {
				ALWAYS_SEARCH_USER_PATHS = NO;
				CLANG_ANALYZER_NONNULL = YES;
				CLANG_CXX_LANGUAGE_STANDARD = "gnu++0x";
				CLANG_CXX_LIBRARY = "libc++";
				CLANG_ENABLE_MODULES = YES;
				CLANG_ENABLE_OBJC_ARC = YES;
				CLANG_WARN_BLOCK_CAPTURE_AUTORELEASING = YES;
				CLANG_WARN_BOOL_CONVERSION = YES;
				CLANG_WARN_COMMA = YES;
				CLANG_WARN_CONSTANT_CONVERSION = YES;
				CLANG_WARN_DIRECT_OBJC_ISA_USAGE = YES_ERROR;
				CLANG_WARN_DOCUMENTATION_COMMENTS = YES;
				CLANG_WARN_EMPTY_BODY = YES;
				CLANG_WARN_ENUM_CONVERSION = YES;
				CLANG_WARN_INFINITE_RECURSION = YES;
				CLANG_WARN_INT_CONVERSION = YES;
				CLANG_WARN_NON_LITERAL_NULL_CONVERSION = YES;
				CLANG_WARN_OBJC_LITERAL_CONVERSION = YES;
				CLANG_WARN_OBJC_ROOT_CLASS = YES_ERROR;
				CLANG_WARN_RANGE_LOOP_ANALYSIS = YES;
				CLANG_WARN_STRICT_PROTOTYPES = YES;
				CLANG_WARN_SUSPICIOUS_MOVE = YES;
				CLANG_WARN_UNREACHABLE_CODE = YES;
				CLANG_WARN__DUPLICATE_METHOD_MATCH = YES;
				CODE_SIGN_IDENTITY = "-";
				COPY_PHASE_STRIP = NO;
				DEBUG_INFORMATION_FORMAT = dwarf;
				ENABLE_STRICT_OBJC_MSGSEND = YES;
				ENABLE_TESTABILITY = YES;
				GCC_C_LANGUAGE_STANDARD = gnu99;
				GCC_DYNAMIC_NO_PIC = NO;
				GCC_NO_COMMON_BLOCKS = YES;
				GCC_OPTIMIZATION_LEVEL = 0;
				GCC_PREPROCESSOR_DEFINITIONS = (
					"DEBUG=1",
					"$(inherited)",
				);
				GCC_WARN_64_TO_32_BIT_CONVERSION = YES;
				GCC_WARN_ABOUT_RETURN_TYPE = YES_ERROR;
				GCC_WARN_UNDECLARED_SELECTOR = YES;
				GCC_WARN_UNINITIALIZED_AUTOS = YES_AGGRESSIVE;
				GCC_WARN_UNUSED_FUNCTION = YES;
				GCC_WARN_UNUSED_VARIABLE = YES;
				MACOSX_DEPLOYMENT_TARGET = 10.11;
				MTL_ENABLE_DEBUG_INFO = YES;
				ONLY_ACTIVE_ARCH = YES;
				SDKROOT = macosx;
				SWIFT_ACTIVE_COMPILATION_CONDITIONS = DEBUG;
				SWIFT_OPTIMIZATION_LEVEL = "-Onone";
			};
			name = Debug;
		};
		8271BAEF1E23A76700C2EFC1 /* Release */ = {
			isa = XCBuildConfiguration;
			buildSettings = {
				ALWAYS_SEARCH_USER_PATHS = NO;
				CLANG_ANALYZER_NONNULL = YES;
				CLANG_CXX_LANGUAGE_STANDARD = "gnu++0x";
				CLANG_CXX_LIBRARY = "libc++";
				CLANG_ENABLE_MODULES = YES;
				CLANG_ENABLE_OBJC_ARC = YES;
				CLANG_WARN_BLOCK_CAPTURE_AUTORELEASING = YES;
				CLANG_WARN_BOOL_CONVERSION = YES;
				CLANG_WARN_COMMA = YES;
				CLANG_WARN_CONSTANT_CONVERSION = YES;
				CLANG_WARN_DIRECT_OBJC_ISA_USAGE = YES_ERROR;
				CLANG_WARN_DOCUMENTATION_COMMENTS = YES;
				CLANG_WARN_EMPTY_BODY = YES;
				CLANG_WARN_ENUM_CONVERSION = YES;
				CLANG_WARN_INFINITE_RECURSION = YES;
				CLANG_WARN_INT_CONVERSION = YES;
				CLANG_WARN_NON_LITERAL_NULL_CONVERSION = YES;
				CLANG_WARN_OBJC_LITERAL_CONVERSION = YES;
				CLANG_WARN_OBJC_ROOT_CLASS = YES_ERROR;
				CLANG_WARN_RANGE_LOOP_ANALYSIS = YES;
				CLANG_WARN_STRICT_PROTOTYPES = YES;
				CLANG_WARN_SUSPICIOUS_MOVE = YES;
				CLANG_WARN_UNREACHABLE_CODE = YES;
				CLANG_WARN__DUPLICATE_METHOD_MATCH = YES;
				CODE_SIGN_IDENTITY = "-";
				COPY_PHASE_STRIP = NO;
				DEBUG_INFORMATION_FORMAT = "dwarf-with-dsym";
				ENABLE_NS_ASSERTIONS = NO;
				ENABLE_STRICT_OBJC_MSGSEND = YES;
				GCC_C_LANGUAGE_STANDARD = gnu99;
				GCC_NO_COMMON_BLOCKS = YES;
				GCC_WARN_64_TO_32_BIT_CONVERSION = YES;
				GCC_WARN_ABOUT_RETURN_TYPE = YES_ERROR;
				GCC_WARN_UNDECLARED_SELECTOR = YES;
				GCC_WARN_UNINITIALIZED_AUTOS = YES_AGGRESSIVE;
				GCC_WARN_UNUSED_FUNCTION = YES;
				GCC_WARN_UNUSED_VARIABLE = YES;
				MACOSX_DEPLOYMENT_TARGET = 10.11;
				MTL_ENABLE_DEBUG_INFO = NO;
				SDKROOT = macosx;
				SWIFT_OPTIMIZATION_LEVEL = "-Owholemodule";
			};
			name = Release;
		};
		8271BAF11E23A76700C2EFC1 /* Debug */ = {
			isa = XCBuildConfiguration;
			baseConfigurationReference = 3774B15FD04409214392F658 /* Pods-TransporterPad.debug.xcconfig */;
			buildSettings = {
				ASSETCATALOG_COMPILER_APPICON_NAME = AppIcon;
				COMBINE_HIDPI_IMAGES = YES;
				DEVELOPMENT_TEAM = NARTSSS6TY;
				INFOPLIST_FILE = TransporterPad/Info.plist;
				LD_RUNPATH_SEARCH_PATHS = "$(inherited) @executable_path/../Frameworks";
				PRODUCT_BUNDLE_IDENTIFIER = net.iseteki.TransporterPad;
				PRODUCT_NAME = "$(TARGET_NAME)";
				SWIFT_VERSION = 3.0;
			};
			name = Debug;
		};
		8271BAF21E23A76700C2EFC1 /* Release */ = {
			isa = XCBuildConfiguration;
			baseConfigurationReference = 07D2E46E78FA1208A11CB593 /* Pods-TransporterPad.release.xcconfig */;
			buildSettings = {
				ASSETCATALOG_COMPILER_APPICON_NAME = AppIcon;
				COMBINE_HIDPI_IMAGES = YES;
				DEVELOPMENT_TEAM = NARTSSS6TY;
				INFOPLIST_FILE = TransporterPad/Info.plist;
				LD_RUNPATH_SEARCH_PATHS = "$(inherited) @executable_path/../Frameworks";
				PRODUCT_BUNDLE_IDENTIFIER = net.iseteki.TransporterPad;
				PRODUCT_NAME = "$(TARGET_NAME)";
				SWIFT_VERSION = 3.0;
			};
			name = Release;
		};
/* End XCBuildConfiguration section */

/* Begin XCConfigurationList section */
		8271BADC1E23A76700C2EFC1 /* Build configuration list for PBXProject "TransporterPad" */ = {
			isa = XCConfigurationList;
			buildConfigurations = (
				8271BAEE1E23A76700C2EFC1 /* Debug */,
				8271BAEF1E23A76700C2EFC1 /* Release */,
			);
			defaultConfigurationIsVisible = 0;
			defaultConfigurationName = Release;
		};
		8271BAF01E23A76700C2EFC1 /* Build configuration list for PBXNativeTarget "TransporterPad" */ = {
			isa = XCConfigurationList;
			buildConfigurations = (
				8271BAF11E23A76700C2EFC1 /* Debug */,
				8271BAF21E23A76700C2EFC1 /* Release */,
			);
			defaultConfigurationIsVisible = 0;
			defaultConfigurationName = Release;
		};
/* End XCConfigurationList section */
	};
	rootObject = 8271BAD91E23A76700C2EFC1 /* Project object */;
}
